
Microsoft Visual Studio Solution File, Format Version 12.00
# Visual Studio Version 17
VisualStudioVersion = 17.5.002.0
MinimumVisualStudioVersion = 10.0.40219.1
Project("{9A19103F-16F7-4668-BE54-9A1E7A4F7556}") = "Note_CS", "Note_CS.csproj", "{A569C532-1664-43F1-BCD4-A5EF2D4994A0}"
EndProject
Global
	GlobalSection(SolutionConfigurationPlatforms) = preSolution
		Debug|Any CPU = Debug|Any CPU
		Release|Any CPU = Release|Any CPU
	EndGlobalSection
	GlobalSection(ProjectConfigurationPlatforms) = postSolution
		{A569C532-1664-43F1-BCD4-A5EF2D4994A0}.Debug|Any CPU.ActiveCfg = Debug|Any CPU
		{A569C532-1664-43F1-BCD4-A5EF2D4994A0}.Debug|Any CPU.Build.0 = Debug|Any CPU
		{A569C532-1664-43F1-BCD4-A5EF2D4994A0}.Release|Any CPU.ActiveCfg = Release|Any CPU
		{A569C532-1664-43F1-BCD4-A5EF2D4994A0}.Release|Any CPU.Build.0 = Release|Any CPU
	EndGlobalSection
	GlobalSection(SolutionProperties) = preSolution
		HideSolutionNode = FALSE
	EndGlobalSection
	GlobalSection(ExtensibilityGlobals) = postSolution
		SolutionGuid = {6B8C6374-B813-494E-820F-6955F91FA011}
	EndGlobalSection
EndGlobal
